// !$*UTF8*$!
{
	archiveVersion = 1;
	classes = {
	};
	objectVersion = 46;
	objects = {

/* Begin PBXBuildFile section */
		6B21D3EF1E013A9C00AE62D0 /* LocationManager.swift in Sources */ = {isa = PBXBuildFile; fileRef = 6B21D3EE1E013A9C00AE62D0 /* LocationManager.swift */; };
		6BF001511DF54A0E00DFFDB4 /* AppDelegate.swift in Sources */ = {isa = PBXBuildFile; fileRef = 6BF001501DF54A0E00DFFDB4 /* AppDelegate.swift */; };
		6BF001531DF54A0E00DFFDB4 /* MapViewController.swift in Sources */ = {isa = PBXBuildFile; fileRef = 6BF001521DF54A0E00DFFDB4 /* MapViewController.swift */; };
		6BF001561DF54A0E00DFFDB4 /* Main.storyboard in Resources */ = {isa = PBXBuildFile; fileRef = 6BF001541DF54A0E00DFFDB4 /* Main.storyboard */; };
		6BF001581DF54A0E00DFFDB4 /* Assets.xcassets in Resources */ = {isa = PBXBuildFile; fileRef = 6BF001571DF54A0E00DFFDB4 /* Assets.xcassets */; };
		6BF0015B1DF54A0E00DFFDB4 /* LaunchScreen.storyboard in Resources */ = {isa = PBXBuildFile; fileRef = 6BF001591DF54A0E00DFFDB4 /* LaunchScreen.storyboard */; };
		6BF001661DF54A0E00DFFDB4 /* MapViewDemoTests.swift in Sources */ = {isa = PBXBuildFile; fileRef = 6BF001651DF54A0E00DFFDB4 /* MapViewDemoTests.swift */; };
		6BF001711DF54A0E00DFFDB4 /* MapViewDemoUITests.swift in Sources */ = {isa = PBXBuildFile; fileRef = 6BF001701DF54A0E00DFFDB4 /* MapViewDemoUITests.swift */; };
		6BF001811DF54C2500DFFDB4 /* CoreLocation.framework in Frameworks */ = {isa = PBXBuildFile; fileRef = 6BF001801DF54C2500DFFDB4 /* CoreLocation.framework */; };
/* End PBXBuildFile section */

/* Begin PBXContainerItemProxy section */
		6BF001621DF54A0E00DFFDB4 /* PBXContainerItemProxy */ = {
			isa = PBXContainerItemProxy;
			containerPortal = 6BF001451DF54A0E00DFFDB4 /* Project object */;
			proxyType = 1;
			remoteGlobalIDString = 6BF0014C1DF54A0E00DFFDB4;
			remoteInfo = MapViewDemo;
		};
		6BF0016D1DF54A0E00DFFDB4 /* PBXContainerItemProxy */ = {
			isa = PBXContainerItemProxy;
			containerPortal = 6BF001451DF54A0E00DFFDB4 /* Project object */;
			proxyType = 1;
			remoteGlobalIDString = 6BF0014C1DF54A0E00DFFDB4;
			remoteInfo = MapViewDemo;
		};
/* End PBXContainerItemProxy section */

/* Begin PBXFileReference section */
		6B21D3EE1E013A9C00AE62D0 /* LocationManager.swift */ = {isa = PBXFileReference; fileEncoding = 4; lastKnownFileType = sourcecode.swift; path = LocationManager.swift; sourceTree = "<group>"; };
		6B9F81641DF68CBB008CD2A5 /* MapKit.framework */ = {isa = PBXFileReference; lastKnownFileType = wrapper.framework; name = MapKit.framework; path = System/Library/Frameworks/MapKit.framework; sourceTree = SDKROOT; };
		6BF0014D1DF54A0E00DFFDB4 /* MapViewDemo.app */ = {isa = PBXFileReference; explicitFileType = wrapper.application; includeInIndex = 0; path = MapViewDemo.app; sourceTree = BUILT_PRODUCTS_DIR; };
		6BF001501DF54A0E00DFFDB4 /* AppDelegate.swift */ = {isa = PBXFileReference; lastKnownFileType = sourcecode.swift; path = AppDelegate.swift; sourceTree = "<group>"; };
		6BF001521DF54A0E00DFFDB4 /* MapViewController.swift */ = {isa = PBXFileReference; lastKnownFileType = sourcecode.swift; path = MapViewController.swift; sourceTree = "<group>"; };
		6BF001551DF54A0E00DFFDB4 /* Base */ = {isa = PBXFileReference; lastKnownFileType = file.storyboard; name = Base; path = Base.lproj/Main.storyboard; sourceTree = "<group>"; };
		6BF001571DF54A0E00DFFDB4 /* Assets.xcassets */ = {isa = PBXFileReference; lastKnownFileType = folder.assetcatalog; path = Assets.xcassets; sourceTree = "<group>"; };
		6BF0015A1DF54A0E00DFFDB4 /* Base */ = {isa = PBXFileReference; lastKnownFileType = file.storyboard; name = Base; path = Base.lproj/LaunchScreen.storyboard; sourceTree = "<group>"; };
		6BF0015C1DF54A0E00DFFDB4 /* Info.plist */ = {isa = PBXFileReference; lastKnownFileType = text.plist.xml; path = Info.plist; sourceTree = "<group>"; };
		6BF001611DF54A0E00DFFDB4 /* MapViewDemoTests.xctest */ = {isa = PBXFileReference; explicitFileType = wrapper.cfbundle; includeInIndex = 0; path = MapViewDemoTests.xctest; sourceTree = BUILT_PRODUCTS_DIR; };
		6BF001651DF54A0E00DFFDB4 /* MapViewDemoTests.swift */ = {isa = PBXFileReference; lastKnownFileType = sourcecode.swift; path = MapViewDemoTests.swift; sourceTree = "<group>"; };
		6BF001671DF54A0E00DFFDB4 /* Info.plist */ = {isa = PBXFileReference; lastKnownFileType = text.plist.xml; path = Info.plist; sourceTree = "<group>"; };
		6BF0016C1DF54A0E00DFFDB4 /* MapViewDemoUITests.xctest */ = {isa = PBXFileReference; explicitFileType = wrapper.cfbundle; includeInIndex = 0; path = MapViewDemoUITests.xctest; sourceTree = BUILT_PRODUCTS_DIR; };
		6BF001701DF54A0E00DFFDB4 /* MapViewDemoUITests.swift */ = {isa = PBXFileReference; lastKnownFileType = sourcecode.swift; path = MapViewDemoUITests.swift; sourceTree = "<group>"; };
		6BF001721DF54A0E00DFFDB4 /* Info.plist */ = {isa = PBXFileReference; lastKnownFileType = text.plist.xml; path = Info.plist; sourceTree = "<group>"; };
		6BF001801DF54C2500DFFDB4 /* CoreLocation.framework */ = {isa = PBXFileReference; lastKnownFileType = wrapper.framework; name = CoreLocation.framework; path = System/Library/Frameworks/CoreLocation.framework; sourceTree = SDKROOT; };
/* End PBXFileReference section */

/* Begin PBXFrameworksBuildPhase section */
		6BF0014A1DF54A0E00DFFDB4 /* Frameworks */ = {
			isa = PBXFrameworksBuildPhase;
			buildActionMask = 2147483647;
			files = (
				6BF001811DF54C2500DFFDB4 /* CoreLocation.framework in Frameworks */,
			);
			runOnlyForDeploymentPostprocessing = 0;
		};
		6BF0015E1DF54A0E00DFFDB4 /* Frameworks */ = {
			isa = PBXFrameworksBuildPhase;
			buildActionMask = 2147483647;
			files = (
			);
			runOnlyForDeploymentPostprocessing = 0;
		};
		6BF001691DF54A0E00DFFDB4 /* Frameworks */ = {
			isa = PBXFrameworksBuildPhase;
			buildActionMask = 2147483647;
			files = (
			);
			runOnlyForDeploymentPostprocessing = 0;
		};
/* End PBXFrameworksBuildPhase section */

/* Begin PBXGroup section */
		6BF001441DF54A0E00DFFDB4 = {
			isa = PBXGroup;
			children = (
				6BF0014F1DF54A0E00DFFDB4 /* MapViewDemo */,
				6BF001641DF54A0E00DFFDB4 /* MapViewDemoTests */,
				6BF0016F1DF54A0E00DFFDB4 /* MapViewDemoUITests */,
				6BF0014E1DF54A0E00DFFDB4 /* Products */,
				6BF0017F1DF54C2500DFFDB4 /* Frameworks */,
			);
			sourceTree = "<group>";
		};
		6BF0014E1DF54A0E00DFFDB4 /* Products */ = {
			isa = PBXGroup;
			children = (
				6BF0014D1DF54A0E00DFFDB4 /* MapViewDemo.app */,
				6BF001611DF54A0E00DFFDB4 /* MapViewDemoTests.xctest */,
				6BF0016C1DF54A0E00DFFDB4 /* MapViewDemoUITests.xctest */,
			);
			name = Products;
			sourceTree = "<group>";
		};
		6BF0014F1DF54A0E00DFFDB4 /* MapViewDemo */ = {
			isa = PBXGroup;
			children = (
				6BF0017E1DF54A2700DFFDB4 /* Supporting Files */,
				6BF001521DF54A0E00DFFDB4 /* MapViewController.swift */,
				6BF001541DF54A0E00DFFDB4 /* Main.storyboard */,
				6B21D3EE1E013A9C00AE62D0 /* LocationManager.swift */,
			);
			path = MapViewDemo;
			sourceTree = "<group>";
		};
		6BF001641DF54A0E00DFFDB4 /* MapViewDemoTests */ = {
			isa = PBXGroup;
			children = (
				6BF001651DF54A0E00DFFDB4 /* MapViewDemoTests.swift */,
				6BF001671DF54A0E00DFFDB4 /* Info.plist */,
			);
			path = MapViewDemoTests;
			sourceTree = "<group>";
		};
		6BF0016F1DF54A0E00DFFDB4 /* MapViewDemoUITests */ = {
			isa = PBXGroup;
			children = (
				6BF001701DF54A0E00DFFDB4 /* MapViewDemoUITests.swift */,
				6BF001721DF54A0E00DFFDB4 /* Info.plist */,
			);
			path = MapViewDemoUITests;
			sourceTree = "<group>";
		};
		6BF0017E1DF54A2700DFFDB4 /* Supporting Files */ = {
			isa = PBXGroup;
			children = (
				6BF001501DF54A0E00DFFDB4 /* AppDelegate.swift */,
				6BF001571DF54A0E00DFFDB4 /* Assets.xcassets */,
				6BF001591DF54A0E00DFFDB4 /* LaunchScreen.storyboard */,
				6BF0015C1DF54A0E00DFFDB4 /* Info.plist */,
			);
			name = "Supporting Files";
			sourceTree = "<group>";
		};
		6BF0017F1DF54C2500DFFDB4 /* Frameworks */ = {
			isa = PBXGroup;
			children = (
				6B9F81641DF68CBB008CD2A5 /* MapKit.framework */,
				6BF001801DF54C2500DFFDB4 /* CoreLocation.framework */,
			);
			name = Frameworks;
			sourceTree = "<group>";
		};
/* End PBXGroup section */

/* Begin PBXNativeTarget section */
		6BF0014C1DF54A0E00DFFDB4 /* MapViewDemo */ = {
			isa = PBXNativeTarget;
			buildConfigurationList = 6BF001751DF54A0E00DFFDB4 /* Build configuration list for PBXNativeTarget "MapViewDemo" */;
			buildPhases = (
				6BF001491DF54A0E00DFFDB4 /* Sources */,
				6BF0014A1DF54A0E00DFFDB4 /* Frameworks */,
				6BF0014B1DF54A0E00DFFDB4 /* Resources */,
			);
			buildRules = (
			);
			dependencies = (
			);
			name = MapViewDemo;
			productName = MapViewDemo;
			productReference = 6BF0014D1DF54A0E00DFFDB4 /* MapViewDemo.app */;
			productType = "com.apple.product-type.application";
		};
		6BF001601DF54A0E00DFFDB4 /* MapViewDemoTests */ = {
			isa = PBXNativeTarget;
			buildConfigurationList = 6BF001781DF54A0E00DFFDB4 /* Build configuration list for PBXNativeTarget "MapViewDemoTests" */;
			buildPhases = (
				6BF0015D1DF54A0E00DFFDB4 /* Sources */,
				6BF0015E1DF54A0E00DFFDB4 /* Frameworks */,
				6BF0015F1DF54A0E00DFFDB4 /* Resources */,
			);
			buildRules = (
			);
			dependencies = (
				6BF001631DF54A0E00DFFDB4 /* PBXTargetDependency */,
			);
			name = MapViewDemoTests;
			productName = MapViewDemoTests;
			productReference = 6BF001611DF54A0E00DFFDB4 /* MapViewDemoTests.xctest */;
			productType = "com.apple.product-type.bundle.unit-test";
		};
		6BF0016B1DF54A0E00DFFDB4 /* MapViewDemoUITests */ = {
			isa = PBXNativeTarget;
			buildConfigurationList = 6BF0017B1DF54A0E00DFFDB4 /* Build configuration list for PBXNativeTarget "MapViewDemoUITests" */;
			buildPhases = (
				6BF001681DF54A0E00DFFDB4 /* Sources */,
				6BF001691DF54A0E00DFFDB4 /* Frameworks */,
				6BF0016A1DF54A0E00DFFDB4 /* Resources */,
			);
			buildRules = (
			);
			dependencies = (
				6BF0016E1DF54A0E00DFFDB4 /* PBXTargetDependency */,
			);
			name = MapViewDemoUITests;
			productName = MapViewDemoUITests;
			productReference = 6BF0016C1DF54A0E00DFFDB4 /* MapViewDemoUITests.xctest */;
			productType = "com.apple.product-type.bundle.ui-testing";
		};
/* End PBXNativeTarget section */

/* Begin PBXProject section */
		6BF001451DF54A0E00DFFDB4 /* Project object */ = {
			isa = PBXProject;
			attributes = {
				LastSwiftUpdateCheck = 0800;
				LastUpgradeCheck = 0800;
				ORGANIZATIONNAME = "ARTE Co., Ltd.";
				TargetAttributes = {
					6BF0014C1DF54A0E00DFFDB4 = {
						CreatedOnToolsVersion = 8.0;
						DevelopmentTeam = DB5FPWGTP9;
						ProvisioningStyle = Automatic;
						SystemCapabilities = {
							com.apple.BackgroundModes = {
								enabled = 1;
							};
							com.apple.Maps.iOS = {
								enabled = 0;
							};
						};
					};
					6BF001601DF54A0E00DFFDB4 = {
						CreatedOnToolsVersion = 8.0;
						DevelopmentTeam = DB5FPWGTP9;
						ProvisioningStyle = Automatic;
						TestTargetID = 6BF0014C1DF54A0E00DFFDB4;
					};
					6BF0016B1DF54A0E00DFFDB4 = {
						CreatedOnToolsVersion = 8.0;
						DevelopmentTeam = DB5FPWGTP9;
						ProvisioningStyle = Automatic;
						TestTargetID = 6BF0014C1DF54A0E00DFFDB4;
					};
				};
			};
			buildConfigurationList = 6BF001481DF54A0E00DFFDB4 /* Build configuration list for PBXProject "MapViewDemo" */;
			compatibilityVersion = "Xcode 3.2";
			developmentRegion = English;
			hasScannedForEncodings = 0;
			knownRegions = (
				en,
				Base,
			);
			mainGroup = 6BF001441DF54A0E00DFFDB4;
			productRefGroup = 6BF0014E1DF54A0E00DFFDB4 /* Products */;
			projectDirPath = "";
			projectRoot = "";
			targets = (
				6BF0014C1DF54A0E00DFFDB4 /* MapViewDemo */,
				6BF001601DF54A0E00DFFDB4 /* MapViewDemoTests */,
				6BF0016B1DF54A0E00DFFDB4 /* MapViewDemoUITests */,
			);
		};
/* End PBXProject section */

/* Begin PBXResourcesBuildPhase section */
		6BF0014B1DF54A0E00DFFDB4 /* Resources */ = {
			isa = PBXResourcesBuildPhase;
			buildActionMask = 2147483647;
			files = (
				6BF0015B1DF54A0E00DFFDB4 /* LaunchScreen.storyboard in Resources */,
				6BF001581DF54A0E00DFFDB4 /* Assets.xcassets in Resources */,
				6BF001561DF54A0E00DFFDB4 /* Main.storyboard in Resources */,
			);
			runOnlyForDeploymentPostprocessing = 0;
		};
		6BF0015F1DF54A0E00DFFDB4 /* Resources */ = {
			isa = PBXResourcesBuildPhase;
			buildActionMask = 2147483647;
			files = (
			);
			runOnlyForDeploymentPostprocessing = 0;
		};
		6BF0016A1DF54A0E00DFFDB4 /* Resources */ = {
			isa = PBXResourcesBuildPhase;
			buildActionMask = 2147483647;
			files = (
			);
			runOnlyForDeploymentPostprocessing = 0;
		};
/* End PBXResourcesBuildPhase section */

/* Begin PBXSourcesBuildPhase section */
		6BF001491DF54A0E00DFFDB4 /* Sources */ = {
			isa = PBXSourcesBuildPhase;
			buildActionMask = 2147483647;
			files = (
				6BF001531DF54A0E00DFFDB4 /* MapViewController.swift in Sources */,
				6BF001511DF54A0E00DFFDB4 /* AppDelegate.swift in Sources */,
				6B21D3EF1E013A9C00AE62D0 /* LocationManager.swift in Sources */,
			);
			runOnlyForDeploymentPostprocessing = 0;
		};
		6BF0015D1DF54A0E00DFFDB4 /* Sources */ = {
			isa = PBXSourcesBuildPhase;
			buildActionMask = 2147483647;
			files = (
				6BF001661DF54A0E00DFFDB4 /* MapViewDemoTests.swift in Sources */,
			);
			runOnlyForDeploymentPostprocessing = 0;
		};
		6BF001681DF54A0E00DFFDB4 /* Sources */ = {
			isa = PBXSourcesBuildPhase;
			buildActionMask = 2147483647;
			files = (
				6BF001711DF54A0E00DFFDB4 /* MapViewDemoUITests.swift in Sources */,
			);
			runOnlyForDeploymentPostprocessing = 0;
		};
/* End PBXSourcesBuildPhase section */

/* Begin PBXTargetDependency section */
		6BF001631DF54A0E00DFFDB4 /* PBXTargetDependency */ = {
			isa = PBXTargetDependency;
			target = 6BF0014C1DF54A0E00DFFDB4 /* MapViewDemo */;
			targetProxy = 6BF001621DF54A0E00DFFDB4 /* PBXContainerItemProxy */;
		};
		6BF0016E1DF54A0E00DFFDB4 /* PBXTargetDependency */ = {
			isa = PBXTargetDependency;
			target = 6BF0014C1DF54A0E00DFFDB4 /* MapViewDemo */;
			targetProxy = 6BF0016D1DF54A0E00DFFDB4 /* PBXContainerItemProxy */;
		};
/* End PBXTargetDependency section */

/* Begin PBXVariantGroup section */
		6BF001541DF54A0E00DFFDB4 /* Main.storyboard */ = {
			isa = PBXVariantGroup;
			children = (
				6BF001551DF54A0E00DFFDB4 /* Base */,
			);
			name = Main.storyboard;
			sourceTree = "<group>";
		};
		6BF001591DF54A0E00DFFDB4 /* LaunchScreen.storyboard */ = {
			isa = PBXVariantGroup;
			children = (
				6BF0015A1DF54A0E00DFFDB4 /* Base */,
			);
			name = LaunchScreen.storyboard;
			sourceTree = "<group>";
		};
/* End PBXVariantGroup section */

/* Begin XCBuildConfiguration section */
		6BF001731DF54A0E00DFFDB4 /* Debug */ = {
			isa = XCBuildConfiguration;
			buildSettings = {
				ALWAYS_SEARCH_USER_PATHS = NO;
				CLANG_ANALYZER_NONNULL = YES;
				CLANG_CXX_LANGUAGE_STANDARD = "gnu++0x";
				CLANG_CXX_LIBRARY = "libc++";
				CLANG_ENABLE_MODULES = YES;
				CLANG_ENABLE_OBJC_ARC = YES;
				CLANG_WARN_BOOL_CONVERSION = YES;
				CLANG_WARN_CONSTANT_CONVERSION = YES;
				CLANG_WARN_DIRECT_OBJC_ISA_USAGE = YES_ERROR;
				CLANG_WARN_DOCUMENTATION_COMMENTS = YES;
				CLANG_WARN_EMPTY_BODY = YES;
				CLANG_WARN_ENUM_CONVERSION = YES;
				CLANG_WARN_INFINITE_RECURSION = YES;
				CLANG_WARN_INT_CONVERSION = YES;
				CLANG_WARN_OBJC_ROOT_CLASS = YES_ERROR;
				CLANG_WARN_SUSPICIOUS_MOVES = YES;
				CLANG_WARN_UNREACHABLE_CODE = YES;
				CLANG_WARN__DUPLICATE_METHOD_MATCH = YES;
				"CODE_SIGN_IDENTITY[sdk=iphoneos*]" = "iPhone Developer";
				COPY_PHASE_STRIP = NO;
				DEBUG_INFORMATION_FORMAT = dwarf;
				ENABLE_STRICT_OBJC_MSGSEND = YES;
				ENABLE_TESTABILITY = YES;
				GCC_C_LANGUAGE_STANDARD = gnu99;
				GCC_DYNAMIC_NO_PIC = NO;
				GCC_NO_COMMON_BLOCKS = YES;
				GCC_OPTIMIZATION_LEVEL = 0;
				GCC_PREPROCESSOR_DEFINITIONS = (
					"DEBUG=1",
					"$(inherited)",
				);
				GCC_WARN_64_TO_32_BIT_CONVERSION = YES;
				GCC_WARN_ABOUT_RETURN_TYPE = YES_ERROR;
				GCC_WARN_UNDECLARED_SELECTOR = YES;
				GCC_WARN_UNINITIALIZED_AUTOS = YES_AGGRESSIVE;
				GCC_WARN_UNUSED_FUNCTION = YES;
				GCC_WARN_UNUSED_VARIABLE = YES;
				IPHONEOS_DEPLOYMENT_TARGET = 10.0;
				MTL_ENABLE_DEBUG_INFO = YES;
				ONLY_ACTIVE_ARCH = YES;
				SDKROOT = iphoneos;
				SWIFT_ACTIVE_COMPILATION_CONDITIONS = DEBUG;
				SWIFT_OPTIMIZATION_LEVEL = "-Onone";
				TARGETED_DEVICE_FAMILY = "1,2";
			};
			name = Debug;
		};
		6BF001741DF54A0E00DFFDB4 /* Release */ = {
			isa = XCBuildConfiguration;
			buildSettings = {
				ALWAYS_SEARCH_USER_PATHS = NO;
				CLANG_ANALYZER_NONNULL = YES;
				CLANG_CXX_LANGUAGE_STANDARD = "gnu++0x";
				CLANG_CXX_LIBRARY = "libc++";
				CLANG_ENABLE_MODULES = YES;
				CLANG_ENABLE_OBJC_ARC = YES;
				CLANG_WARN_BOOL_CONVERSION = YES;
				CLANG_WARN_CONSTANT_CONVERSION = YES;
				CLANG_WARN_DIRECT_OBJC_ISA_USAGE = YES_ERROR;
				CLANG_WARN_DOCUMENTATION_COMMENTS = YES;
				CLANG_WARN_EMPTY_BODY = YES;
				CLANG_WARN_ENUM_CONVERSION = YES;
				CLANG_WARN_INFINITE_RECURSION = YES;
				CLANG_WARN_INT_CONVERSION = YES;
				CLANG_WARN_OBJC_ROOT_CLASS = YES_ERROR;
				CLANG_WARN_SUSPICIOUS_MOVES = YES;
				CLANG_WARN_UNREACHABLE_CODE = YES;
				CLANG_WARN__DUPLICATE_METHOD_MATCH = YES;
				"CODE_SIGN_IDENTITY[sdk=iphoneos*]" = "iPhone Developer";
				COPY_PHASE_STRIP = NO;
				DEBUG_INFORMATION_FORMAT = "dwarf-with-dsym";
				ENABLE_NS_ASSERTIONS = NO;
				ENABLE_STRICT_OBJC_MSGSEND = YES;
				GCC_C_LANGUAGE_STANDARD = gnu99;
				GCC_NO_COMMON_BLOCKS = YES;
				GCC_WARN_64_TO_32_BIT_CONVERSION = YES;
				GCC_WARN_ABOUT_RETURN_TYPE = YES_ERROR;
				GCC_WARN_UNDECLARED_SELECTOR = YES;
				GCC_WARN_UNINITIALIZED_AUTOS = YES_AGGRESSIVE;
				GCC_WARN_UNUSED_FUNCTION = YES;
				GCC_WARN_UNUSED_VARIABLE = YES;
				IPHONEOS_DEPLOYMENT_TARGET = 10.0;
				MTL_ENABLE_DEBUG_INFO = NO;
				SDKROOT = iphoneos;
				SWIFT_OPTIMIZATION_LEVEL = "-Owholemodule";
				TARGETED_DEVICE_FAMILY = "1,2";
				VALIDATE_PRODUCT = YES;
			};
			name = Release;
		};
		6BF001761DF54A0E00DFFDB4 /* Debug */ = {
			isa = XCBuildConfiguration;
			buildSettings = {
				ASSETCATALOG_COMPILER_APPICON_NAME = AppIcon;
				DEVELOPMENT_TEAM = DB5FPWGTP9;
				INFOPLIST_FILE = MapViewDemo/Info.plist;
				LD_RUNPATH_SEARCH_PATHS = "$(inherited) @executable_path/Frameworks";
				PRODUCT_BUNDLE_IDENTIFIER = "jp.co.arte-inc.MapViewDemo";
				PRODUCT_NAME = "$(TARGET_NAME)";
				SWIFT_VERSION = 3.0;
			};
			name = Debug;
		};
		6BF001771DF54A0E00DFFDB4 /* Release */ = {
			isa = XCBuildConfiguration;
			buildSettings = {
				ASSETCATALOG_COMPILER_APPICON_NAME = AppIcon;
				DEVELOPMENT_TEAM = DB5FPWGTP9;
				INFOPLIST_FILE = MapViewDemo/Info.plist;
				LD_RUNPATH_SEARCH_PATHS = "$(inherited) @executable_path/Frameworks";
				PRODUCT_BUNDLE_IDENTIFIER = "jp.co.arte-inc.MapViewDemo";
				PRODUCT_NAME = "$(TARGET_NAME)";
				SWIFT_VERSION = 3.0;
			};
			name = Release;
		};
		6BF001791DF54A0E00DFFDB4 /* Debug */ = {
			isa = XCBuildConfiguration;
			buildSettings = {
				ALWAYS_EMBED_SWIFT_STANDARD_LIBRARIES = YES;
				BUNDLE_LOADER = "$(TEST_HOST)";
				DEVELOPMENT_TEAM = DB5FPWGTP9;
				INFOPLIST_FILE = MapViewDemoTests/Info.plist;
				LD_RUNPATH_SEARCH_PATHS = "$(inherited) @executable_path/Frameworks @loader_path/Frameworks";
				PRODUCT_BUNDLE_IDENTIFIER = "jp.co.arte-inc.MapViewDemoTests";
				PRODUCT_NAME = "$(TARGET_NAME)";
				SWIFT_VERSION = 3.0;
				TEST_HOST = "$(BUILT_PRODUCTS_DIR)/MapViewDemo.app/MapViewDemo";
			};
			name = Debug;
		};
		6BF0017A1DF54A0E00DFFDB4 /* Release */ = {
			isa = XCBuildConfiguration;
			buildSettings = {
				ALWAYS_EMBED_SWIFT_STANDARD_LIBRARIES = YES;
				BUNDLE_LOADER = "$(TEST_HOST)";
				DEVELOPMENT_TEAM = DB5FPWGTP9;
				INFOPLIST_FILE = MapViewDemoTests/Info.plist;
				LD_RUNPATH_SEARCH_PATHS = "$(inherited) @executable_path/Frameworks @loader_path/Frameworks";
				PRODUCT_BUNDLE_IDENTIFIER = "jp.co.arte-inc.MapViewDemoTests";
				PRODUCT_NAME = "$(TARGET_NAME)";
				SWIFT_VERSION = 3.0;
				TEST_HOST = "$(BUILT_PRODUCTS_DIR)/MapViewDemo.app/MapViewDemo";
			};
			name = Release;
		};
		6BF0017C1DF54A0E00DFFDB4 /* Debug */ = {
			isa = XCBuildConfiguration;
			buildSettings = {
				ALWAYS_EMBED_SWIFT_STANDARD_LIBRARIES = YES;
				DEVELOPMENT_TEAM = DB5FPWGTP9;
				INFOPLIST_FILE = MapViewDemoUITests/Info.plist;
				LD_RUNPATH_SEARCH_PATHS = "$(inherited) @executable_path/Frameworks @loader_path/Frameworks";
				PRODUCT_BUNDLE_IDENTIFIER = "jp.co.arte-inc.MapViewDemoUITests";
				PRODUCT_NAME = "$(TARGET_NAME)";
				SWIFT_VERSION = 3.0;
				TEST_TARGET_NAME = MapViewDemo;
			};
			name = Debug;
		};
		6BF0017D1DF54A0E00DFFDB4 /* Release */ = {
			isa = XCBuildConfiguration;
			buildSettings = {
				ALWAYS_EMBED_SWIFT_STANDARD_LIBRARIES = YES;
				DEVELOPMENT_TEAM = DB5FPWGTP9;
				INFOPLIST_FILE = MapViewDemoUITests/Info.plist;
				LD_RUNPATH_SEARCH_PATHS = "$(inherited) @executable_path/Frameworks @loader_path/Frameworks";
				PRODUCT_BUNDLE_IDENTIFIER = "jp.co.arte-inc.MapViewDemoUITests";
				PRODUCT_NAME = "$(TARGET_NAME)";
				SWIFT_VERSION = 3.0;
				TEST_TARGET_NAME = MapViewDemo;
			};
			name = Release;
		};
/* End XCBuildConfiguration section */

/* Begin XCConfigurationList section */
		6BF001481DF54A0E00DFFDB4 /* Build configuration list for PBXProject "MapViewDemo" */ = {
			isa = XCConfigurationList;
			buildConfigurations = (
				6BF001731DF54A0E00DFFDB4 /* Debug */,
				6BF001741DF54A0E00DFFDB4 /* Release */,
			);
			defaultConfigurationIsVisible = 0;
			defaultConfigurationName = Release;
		};
		6BF001751DF54A0E00DFFDB4 /* Build configuration list for PBXNativeTarget "MapViewDemo" */ = {
			isa = XCConfigurationList;
			buildConfigurations = (
				6BF001761DF54A0E00DFFDB4 /* Debug */,
				6BF001771DF54A0E00DFFDB4 /* Release */,
			);
			defaultConfigurationIsVisible = 0;
			defaultConfigurationName = Release;
		};
		6BF001781DF54A0E00DFFDB4 /* Build configuration list for PBXNativeTarget "MapViewDemoTests" */ = {
			isa = XCConfigurationList;
			buildConfigurations = (
				6BF001791DF54A0E00DFFDB4 /* Debug */,
				6BF0017A1DF54A0E00DFFDB4 /* Release */,
			);
			defaultConfigurationIsVisible = 0;
			defaultConfigurationName = Release;
		};
		6BF0017B1DF54A0E00DFFDB4 /* Build configuration list for PBXNativeTarget "MapViewDemoUITests" */ = {
			isa = XCConfigurationList;
			buildConfigurations = (
				6BF0017C1DF54A0E00DFFDB4 /* Debug */,
				6BF0017D1DF54A0E00DFFDB4 /* Release */,
			);
			defaultConfigurationIsVisible = 0;
			defaultConfigurationName = Release;
		};
/* End XCConfigurationList section */
	};
	rootObject = 6BF001451DF54A0E00DFFDB4 /* Project object */;
}
